
Microsoft Visual Studio Solution File, Format Version 12.00
# Visual Studio Version 17
VisualStudioVersion = 17.6.33815.320
MinimumVisualStudioVersion = 10.0.40219.1
Project("{FAE04EC0-301F-11D3-BF4B-00C04F79EFBC}") = "DepFutAPI", "DepFutAPI\DepFutAPI.csproj", "{B60025A1-5514-4262-BD2A-DF234F4F92A0}"
EndProject
Global
	GlobalSection(SolutionConfigurationPlatforms) = preSolution
		Debug|Any CPU = Debug|Any CPU
		Release|Any CPU = Release|Any CPU
	EndGlobalSection
	GlobalSection(ProjectConfigurationPlatforms) = postSolution
		{B60025A1-5514-4262-BD2A-DF234F4F92A0}.Debug|Any CPU.ActiveCfg = Debug|Any CPU
		{B60025A1-5514-4262-BD2A-DF234F4F92A0}.Debug|Any CPU.Build.0 = Debug|Any CPU
		{B60025A1-5514-4262-BD2A-DF234F4F92A0}.Release|Any CPU.ActiveCfg = Release|Any CPU
		{B60025A1-5514-4262-BD2A-DF234F4F92A0}.Release|Any CPU.Build.0 = Release|Any CPU
	EndGlobalSection
	GlobalSection(SolutionProperties) = preSolution
		HideSolutionNode = FALSE
	EndGlobalSection
	GlobalSection(ExtensibilityGlobals) = postSolution
		SolutionGuid = {C3B9DBC1-68EE-49F7-BAF0-F0D3F8B3B724}
	EndGlobalSection
EndGlobal
